
Microsoft Visual Studio Solution File, Format Version 12.00
# Visual Studio 2012
Project("{E24C65DC-7377-472B-9ABA-BC803B73C61A}") = "hisihigame", ".", "{D812BB3E-A654-4D4F-8D08-9979BC4F76A8}"
	ProjectSection(WebsiteProperties) = preProject
		TargetFrameworkMoniker = ".NETFramework,Version%3Dv4.0"
		Debug.AspNetCompiler.VirtualPath = "/hisihigame"
		Debug.AspNetCompiler.PhysicalPath = "F:\Program Files (x86)\wamp\wamp\www\hisihigame\"
		Debug.AspNetCompiler.TargetPath = "PrecompiledWeb\hisihigame\"
		Debug.AspNetCompiler.Updateable = "true"
		Debug.AspNetCompiler.ForceOverwrite = "true"
		Debug.AspNetCompiler.FixedNames = "false"
		Debug.AspNetCompiler.Debug = "True"
		Release.AspNetCompiler.VirtualPath = "/hisihigame"
		Release.AspNetCompiler.PhysicalPath = "F:\Program Files (x86)\wamp\wamp\www\hisihigame\"
		Release.AspNetCompiler.TargetPath = "PrecompiledWeb\hisihigame\"
		Release.AspNetCompiler.Updateable = "true"
		Release.AspNetCompiler.ForceOverwrite = "true"
		Release.AspNetCompiler.FixedNames = "false"
		Release.AspNetCompiler.Debug = "False"
		VWDPort = "3084"
	EndProjectSection
EndProject
Global
	GlobalSection(SolutionConfigurationPlatforms) = preSolution
		Debug|Any CPU = Debug|Any CPU
	EndGlobalSection
	GlobalSection(ProjectConfigurationPlatforms) = postSolution
		{D812BB3E-A654-4D4F-8D08-9979BC4F76A8}.Debug|Any CPU.ActiveCfg = Debug|Any CPU
		{D812BB3E-A654-4D4F-8D08-9979BC4F76A8}.Debug|Any CPU.Build.0 = Debug|Any CPU
	EndGlobalSection
	GlobalSection(SolutionProperties) = preSolution
		HideSolutionNode = FALSE
	EndGlobalSection
EndGlobal
